
Microsoft Visual Studio Solution File, Format Version 12.00
# Visual Studio 15
VisualStudioVersion = 15.0.26730.10
MinimumVisualStudioVersion = 10.0.40219.1
Project("{FAE04EC0-301F-11D3-BF4B-00C04F79EFBC}") = "Homework1", "Homework1\Homework1.csproj", "{1F46D0D4-D51F-4E74-BE1B-643CEC294F19}"
EndProject
Global
	GlobalSection(SolutionConfigurationPlatforms) = preSolution
		Debug|Any CPU = Debug|Any CPU
		Release|Any CPU = Release|Any CPU
	EndGlobalSection
	GlobalSection(ProjectConfigurationPlatforms) = postSolution
		{1F46D0D4-D51F-4E74-BE1B-643CEC294F19}.Debug|Any CPU.ActiveCfg = Debug|Any CPU
		{1F46D0D4-D51F-4E74-BE1B-643CEC294F19}.Debug|Any CPU.Build.0 = Debug|Any CPU
		{1F46D0D4-D51F-4E74-BE1B-643CEC294F19}.Release|Any CPU.ActiveCfg = Release|Any CPU
		{1F46D0D4-D51F-4E74-BE1B-643CEC294F19}.Release|Any CPU.Build.0 = Release|Any CPU
	EndGlobalSection
	GlobalSection(SolutionProperties) = preSolution
		HideSolutionNode = FALSE
	EndGlobalSection
	GlobalSection(ExtensibilityGlobals) = postSolution
		SolutionGuid = {6E0582DA-BFA1-4D17-B4F2-AFB5A4F99AD2}
	EndGlobalSection
EndGlobal
